
Microsoft Visual Studio Solution File, Format Version 12.00
# Visual Studio Version 17
VisualStudioVersion = 17.10.35013.160
MinimumVisualStudioVersion = 10.0.40219.1
Project("{FAE04EC0-301F-11D3-BF4B-00C04F79EFBC}") = "ServidorTCP", "ServidorTCP\ServidorTCP.csproj", "{44129A71-70FE-48D1-B369-2B468B2395FA}"
EndProject
Global
	GlobalSection(SolutionConfigurationPlatforms) = preSolution
		Debug|Any CPU = Debug|Any CPU
		Release|Any CPU = Release|Any CPU
	EndGlobalSection
	GlobalSection(ProjectConfigurationPlatforms) = postSolution
		{44129A71-70FE-48D1-B369-2B468B2395FA}.Debug|Any CPU.ActiveCfg = Debug|Any CPU
		{44129A71-70FE-48D1-B369-2B468B2395FA}.Debug|Any CPU.Build.0 = Debug|Any CPU
		{44129A71-70FE-48D1-B369-2B468B2395FA}.Release|Any CPU.ActiveCfg = Release|Any CPU
		{44129A71-70FE-48D1-B369-2B468B2395FA}.Release|Any CPU.Build.0 = Release|Any CPU
	EndGlobalSection
	GlobalSection(SolutionProperties) = preSolution
		HideSolutionNode = FALSE
	EndGlobalSection
	GlobalSection(ExtensibilityGlobals) = postSolution
		SolutionGuid = {84B1D3E1-E454-4951-9E27-D5EE16ECD954}
	EndGlobalSection
EndGlobal
